
Microsoft Visual Studio Solution File, Format Version 12.00
# Visual Studio Version 16
VisualStudioVersion = 16.0.29318.209
MinimumVisualStudioVersion = 10.0.40219.1
Project("{FAE04EC0-301F-11D3-BF4B-00C04F79EFBC}") = "RaceGameLibrary", "RaceGameLibrary\RaceGameLibrary.csproj", "{D5876918-4AC7-46A6-814E-DC1262DE2C70}"
EndProject
Project("{FAE04EC0-301F-11D3-BF4B-00C04F79EFBC}") = "RaceGameWPF", "RaceGameWPF\RaceGameWPF.csproj", "{D4EB8DB9-1548-437B-BAC4-2D6812189BB6}"
EndProject
Project("{FAE04EC0-301F-11D3-BF4B-00C04F79EFBC}") = "RaceGame.Api", "RaceGame.Api\RaceGame.Api.csproj", "{E1D8DA77-B5E8-40C5-A664-FD8AFA2F4629}"
EndProject
Global
	GlobalSection(SolutionConfigurationPlatforms) = preSolution
		Debug|Any CPU = Debug|Any CPU
		Release|Any CPU = Release|Any CPU
	EndGlobalSection
	GlobalSection(ProjectConfigurationPlatforms) = postSolution
		{D5876918-4AC7-46A6-814E-DC1262DE2C70}.Debug|Any CPU.ActiveCfg = Debug|Any CPU
		{D5876918-4AC7-46A6-814E-DC1262DE2C70}.Debug|Any CPU.Build.0 = Debug|Any CPU
		{D5876918-4AC7-46A6-814E-DC1262DE2C70}.Release|Any CPU.ActiveCfg = Release|Any CPU
		{D5876918-4AC7-46A6-814E-DC1262DE2C70}.Release|Any CPU.Build.0 = Release|Any CPU
		{D4EB8DB9-1548-437B-BAC4-2D6812189BB6}.Debug|Any CPU.ActiveCfg = Debug|Any CPU
		{D4EB8DB9-1548-437B-BAC4-2D6812189BB6}.Debug|Any CPU.Build.0 = Debug|Any CPU
		{D4EB8DB9-1548-437B-BAC4-2D6812189BB6}.Release|Any CPU.ActiveCfg = Release|Any CPU
		{D4EB8DB9-1548-437B-BAC4-2D6812189BB6}.Release|Any CPU.Build.0 = Release|Any CPU
		{E1D8DA77-B5E8-40C5-A664-FD8AFA2F4629}.Debug|Any CPU.ActiveCfg = Debug|Any CPU
		{E1D8DA77-B5E8-40C5-A664-FD8AFA2F4629}.Debug|Any CPU.Build.0 = Debug|Any CPU
		{E1D8DA77-B5E8-40C5-A664-FD8AFA2F4629}.Release|Any CPU.ActiveCfg = Release|Any CPU
		{E1D8DA77-B5E8-40C5-A664-FD8AFA2F4629}.Release|Any CPU.Build.0 = Release|Any CPU
	EndGlobalSection
	GlobalSection(SolutionProperties) = preSolution
		HideSolutionNode = FALSE
	EndGlobalSection
	GlobalSection(ExtensibilityGlobals) = postSolution
		SolutionGuid = {CA7AB7C9-B9E8-438A-8673-B08F9DF51694}
	EndGlobalSection
EndGlobal
